
Microsoft Visual Studio Solution File, Format Version 12.00
# Visual Studio 15
VisualStudioVersion = 15.0.27130.2027
MinimumVisualStudioVersion = 10.0.40219.1
Project("{FAE04EC0-301F-11D3-BF4B-00C04F79EFBC}") = "BartleShips", "BartleShips\BartleShips.csproj", "{881F8DEF-69B1-4467-9731-9674A4E96BEC}"
EndProject
Global
	GlobalSection(SolutionConfigurationPlatforms) = preSolution
		Debug|Any CPU = Debug|Any CPU
		Release|Any CPU = Release|Any CPU
	EndGlobalSection
	GlobalSection(ProjectConfigurationPlatforms) = postSolution
		{881F8DEF-69B1-4467-9731-9674A4E96BEC}.Debug|Any CPU.ActiveCfg = Debug|Any CPU
		{881F8DEF-69B1-4467-9731-9674A4E96BEC}.Debug|Any CPU.Build.0 = Debug|Any CPU
		{881F8DEF-69B1-4467-9731-9674A4E96BEC}.Release|Any CPU.ActiveCfg = Release|Any CPU
		{881F8DEF-69B1-4467-9731-9674A4E96BEC}.Release|Any CPU.Build.0 = Release|Any CPU
	EndGlobalSection
	GlobalSection(SolutionProperties) = preSolution
		HideSolutionNode = FALSE
	EndGlobalSection
	GlobalSection(ExtensibilityGlobals) = postSolution
		SolutionGuid = {86485545-97D1-4D5D-B156-F05962E59789}
	EndGlobalSection
EndGlobal
